// !$*UTF8*$!
{
	archiveVersion = 1;
	classes = {
	};
	objectVersion = 50;
	objects = {

/* Begin PBXBuildFile section */
		8CDA3CFE24C99C43006A3FFF /* AppDelegate.swift in Sources */ = {isa = PBXBuildFile; fileRef = 8CDA3CFD24C99C43006A3FFF /* AppDelegate.swift */; };
		8CDA3D0024C99C43006A3FFF /* SceneDelegate.swift in Sources */ = {isa = PBXBuildFile; fileRef = 8CDA3CFF24C99C43006A3FFF /* SceneDelegate.swift */; };
		8CDA3D0224C99C43006A3FFF /* ContentView.swift in Sources */ = {isa = PBXBuildFile; fileRef = 8CDA3D0124C99C43006A3FFF /* ContentView.swift */; };
		8CDA3D0424C99C48006A3FFF /* Assets.xcassets in Resources */ = {isa = PBXBuildFile; fileRef = 8CDA3D0324C99C48006A3FFF /* Assets.xcassets */; };
		8CDA3D0724C99C48006A3FFF /* Preview Assets.xcassets in Resources */ = {isa = PBXBuildFile; fileRef = 8CDA3D0624C99C48006A3FFF /* Preview Assets.xcassets */; };
		8CDA3D0A24C99C48006A3FFF /* LaunchScreen.storyboard in Resources */ = {isa = PBXBuildFile; fileRef = 8CDA3D0824C99C48006A3FFF /* LaunchScreen.storyboard */; };
		8CDA3D1624C99DCA006A3FFF /* SliderView.swift in Sources */ = {isa = PBXBuildFile; fileRef = 8CDA3D1524C99DCA006A3FFF /* SliderView.swift */; };
		8CDA3D1824C9C73F006A3FFF /* ColorView.swift in Sources */ = {isa = PBXBuildFile; fileRef = 8CDA3D1724C9C73F006A3FFF /* ColorView.swift */; };
		8CDA3D1A24CA0E17006A3FFF /* TextFieldView.swift in Sources */ = {isa = PBXBuildFile; fileRef = 8CDA3D1924CA0E17006A3FFF /* TextFieldView.swift */; };
/* End PBXBuildFile section */

/* Begin PBXFileReference section */
		8CDA3CFA24C99C43006A3FFF /* SwiftUIDJColorApp.app */ = {isa = PBXFileReference; explicitFileType = wrapper.application; includeInIndex = 0; path = SwiftUIDJColorApp.app; sourceTree = BUILT_PRODUCTS_DIR; };
		8CDA3CFD24C99C43006A3FFF /* AppDelegate.swift */ = {isa = PBXFileReference; lastKnownFileType = sourcecode.swift; path = AppDelegate.swift; sourceTree = "<group>"; };
		8CDA3CFF24C99C43006A3FFF /* SceneDelegate.swift */ = {isa = PBXFileReference; lastKnownFileType = sourcecode.swift; path = SceneDelegate.swift; sourceTree = "<group>"; };
		8CDA3D0124C99C43006A3FFF /* ContentView.swift */ = {isa = PBXFileReference; lastKnownFileType = sourcecode.swift; path = ContentView.swift; sourceTree = "<group>"; };
		8CDA3D0324C99C48006A3FFF /* Assets.xcassets */ = {isa = PBXFileReference; lastKnownFileType = folder.assetcatalog; path = Assets.xcassets; sourceTree = "<group>"; };
		8CDA3D0624C99C48006A3FFF /* Preview Assets.xcassets */ = {isa = PBXFileReference; lastKnownFileType = folder.assetcatalog; path = "Preview Assets.xcassets"; sourceTree = "<group>"; };
		8CDA3D0924C99C48006A3FFF /* Base */ = {isa = PBXFileReference; lastKnownFileType = file.storyboard; name = Base; path = Base.lproj/LaunchScreen.storyboard; sourceTree = "<group>"; };
		8CDA3D0B24C99C48006A3FFF /* Info.plist */ = {isa = PBXFileReference; lastKnownFileType = text.plist.xml; path = Info.plist; sourceTree = "<group>"; };
		8CDA3D1524C99DCA006A3FFF /* SliderView.swift */ = {isa = PBXFileReference; lastKnownFileType = sourcecode.swift; path = SliderView.swift; sourceTree = "<group>"; };
		8CDA3D1724C9C73F006A3FFF /* ColorView.swift */ = {isa = PBXFileReference; lastKnownFileType = sourcecode.swift; path = ColorView.swift; sourceTree = "<group>"; };
		8CDA3D1924CA0E17006A3FFF /* TextFieldView.swift */ = {isa = PBXFileReference; lastKnownFileType = sourcecode.swift; path = TextFieldView.swift; sourceTree = "<group>"; };
/* End PBXFileReference section */

/* Begin PBXFrameworksBuildPhase section */
		8CDA3CF724C99C43006A3FFF /* Frameworks */ = {
			isa = PBXFrameworksBuildPhase;
			buildActionMask = 2147483647;
			files = (
			);
			runOnlyForDeploymentPostprocessing = 0;
		};
/* End PBXFrameworksBuildPhase section */

/* Begin PBXGroup section */
		8CDA3CF124C99C43006A3FFF = {
			isa = PBXGroup;
			children = (
				8CDA3CFC24C99C43006A3FFF /* SwiftUIDJColorApp */,
				8CDA3CFB24C99C43006A3FFF /* Products */,
			);
			sourceTree = "<group>";
		};
		8CDA3CFB24C99C43006A3FFF /* Products */ = {
			isa = PBXGroup;
			children = (
				8CDA3CFA24C99C43006A3FFF /* SwiftUIDJColorApp.app */,
			);
			name = Products;
			sourceTree = "<group>";
		};
		8CDA3CFC24C99C43006A3FFF /* SwiftUIDJColorApp */ = {
			isa = PBXGroup;
			children = (
				8CDA3D1124C99CBF006A3FFF /* ViewContents */,
				8CDA3D1224C99CD7006A3FFF /* Storyboards */,
				8CDA3D1324C99CE9006A3FFF /* Sourse */,
				8CDA3D1424C99D06006A3FFF /* SupportingFiles */,
				8CDA3D0524C99C48006A3FFF /* Preview Content */,
			);
			path = SwiftUIDJColorApp;
			sourceTree = "<group>";
		};
		8CDA3D0524C99C48006A3FFF /* Preview Content */ = {
			isa = PBXGroup;
			children = (
				8CDA3D0624C99C48006A3FFF /* Preview Assets.xcassets */,
			);
			path = "Preview Content";
			sourceTree = "<group>";
		};
		8CDA3D1124C99CBF006A3FFF /* ViewContents */ = {
			isa = PBXGroup;
			children = (
				8CDA3D0124C99C43006A3FFF /* ContentView.swift */,
				8CDA3D1524C99DCA006A3FFF /* SliderView.swift */,
				8CDA3D1724C9C73F006A3FFF /* ColorView.swift */,
				8CDA3D1924CA0E17006A3FFF /* TextFieldView.swift */,
			);
			path = ViewContents;
			sourceTree = "<group>";
		};
		8CDA3D1224C99CD7006A3FFF /* Storyboards */ = {
			isa = PBXGroup;
			children = (
				8CDA3D0824C99C48006A3FFF /* LaunchScreen.storyboard */,
			);
			path = Storyboards;
			sourceTree = "<group>";
		};
		8CDA3D1324C99CE9006A3FFF /* Sourse */ = {
			isa = PBXGroup;
			children = (
				8CDA3D0324C99C48006A3FFF /* Assets.xcassets */,
			);
			path = Sourse;
			sourceTree = "<group>";
		};
		8CDA3D1424C99D06006A3FFF /* SupportingFiles */ = {
			isa = PBXGroup;
			children = (
				8CDA3CFD24C99C43006A3FFF /* AppDelegate.swift */,
				8CDA3CFF24C99C43006A3FFF /* SceneDelegate.swift */,
				8CDA3D0B24C99C48006A3FFF /* Info.plist */,
			);
			path = SupportingFiles;
			sourceTree = "<group>";
		};
/* End PBXGroup section */

/* Begin PBXNativeTarget section */
		8CDA3CF924C99C43006A3FFF /* SwiftUIDJColorApp */ = {
			isa = PBXNativeTarget;
			buildConfigurationList = 8CDA3D0E24C99C48006A3FFF /* Build configuration list for PBXNativeTarget "SwiftUIDJColorApp" */;
			buildPhases = (
				8CDA3CF624C99C43006A3FFF /* Sources */,
				8CDA3CF724C99C43006A3FFF /* Frameworks */,
				8CDA3CF824C99C43006A3FFF /* Resources */,
			);
			buildRules = (
			);
			dependencies = (
			);
			name = SwiftUIDJColorApp;
			productName = SwiftUIDJColorApp;
			productReference = 8CDA3CFA24C99C43006A3FFF /* SwiftUIDJColorApp.app */;
			productType = "com.apple.product-type.application";
		};
/* End PBXNativeTarget section */

/* Begin PBXProject section */
		8CDA3CF224C99C43006A3FFF /* Project object */ = {
			isa = PBXProject;
			attributes = {
				LastSwiftUpdateCheck = 1150;
				LastUpgradeCheck = 1150;
				ORGANIZATIONNAME = "Irina Kuznetsova";
				TargetAttributes = {
					8CDA3CF924C99C43006A3FFF = {
						CreatedOnToolsVersion = 11.5;
					};
				};
			};
			buildConfigurationList = 8CDA3CF524C99C43006A3FFF /* Build configuration list for PBXProject "SwiftUIDJColorApp" */;
			compatibilityVersion = "Xcode 9.3";
			developmentRegion = en;
			hasScannedForEncodings = 0;
			knownRegions = (
				en,
				Base,
			);
			mainGroup = 8CDA3CF124C99C43006A3FFF;
			productRefGroup = 8CDA3CFB24C99C43006A3FFF /* Products */;
			projectDirPath = "";
			projectRoot = "";
			targets = (
				8CDA3CF924C99C43006A3FFF /* SwiftUIDJColorApp */,
			);
		};
/* End PBXProject section */

/* Begin PBXResourcesBuildPhase section */
		8CDA3CF824C99C43006A3FFF /* Resources */ = {
			isa = PBXResourcesBuildPhase;
			buildActionMask = 2147483647;
			files = (
				8CDA3D0A24C99C48006A3FFF /* LaunchScreen.storyboard in Resources */,
				8CDA3D0724C99C48006A3FFF /* Preview Assets.xcassets in Resources */,
				8CDA3D0424C99C48006A3FFF /* Assets.xcassets in Resources */,
			);
			runOnlyForDeploymentPostprocessing = 0;
		};
/* End PBXResourcesBuildPhase section */

/* Begin PBXSourcesBuildPhase section */
		8CDA3CF624C99C43006A3FFF /* Sources */ = {
			isa = PBXSourcesBuildPhase;
			buildActionMask = 2147483647;
			files = (
				8CDA3D1624C99DCA006A3FFF /* SliderView.swift in Sources */,
				8CDA3CFE24C99C43006A3FFF /* AppDelegate.swift in Sources */,
				8CDA3D0024C99C43006A3FFF /* SceneDelegate.swift in Sources */,
				8CDA3D1A24CA0E17006A3FFF /* TextFieldView.swift in Sources */,
				8CDA3D0224C99C43006A3FFF /* ContentView.swift in Sources */,
				8CDA3D1824C9C73F006A3FFF /* ColorView.swift in Sources */,
			);
			runOnlyForDeploymentPostprocessing = 0;
		};
/* End PBXSourcesBuildPhase section */

/* Begin PBXVariantGroup section */
		8CDA3D0824C99C48006A3FFF /* LaunchScreen.storyboard */ = {
			isa = PBXVariantGroup;
			children = (
				8CDA3D0924C99C48006A3FFF /* Base */,
			);
			name = LaunchScreen.storyboard;
			sourceTree = "<group>";
		};
/* End PBXVariantGroup section */

/* Begin XCBuildConfiguration section */
		8CDA3D0C24C99C48006A3FFF /* Debug */ = {
			isa = XCBuildConfiguration;
			buildSettings = {
				ALWAYS_SEARCH_USER_PATHS = NO;
				CLANG_ANALYZER_NONNULL = YES;
				CLANG_ANALYZER_NUMBER_OBJECT_CONVERSION = YES_AGGRESSIVE;
				CLANG_CXX_LANGUAGE_STANDARD = "gnu++14";
				CLANG_CXX_LIBRARY = "libc++";
				CLANG_ENABLE_MODULES = YES;
				CLANG_ENABLE_OBJC_ARC = YES;
				CLANG_ENABLE_OBJC_WEAK = YES;
				CLANG_WARN_BLOCK_CAPTURE_AUTORELEASING = YES;
				CLANG_WARN_BOOL_CONVERSION = YES;
				CLANG_WARN_COMMA = YES;
				CLANG_WARN_CONSTANT_CONVERSION = YES;
				CLANG_WARN_DEPRECATED_OBJC_IMPLEMENTATIONS = YES;
				CLANG_WARN_DIRECT_OBJC_ISA_USAGE = YES_ERROR;
				CLANG_WARN_DOCUMENTATION_COMMENTS = YES;
				CLANG_WARN_EMPTY_BODY = YES;
				CLANG_WARN_ENUM_CONVERSION = YES;
				CLANG_WARN_INFINITE_RECURSION = YES;
				CLANG_WARN_INT_CONVERSION = YES;
				CLANG_WARN_NON_LITERAL_NULL_CONVERSION = YES;
				CLANG_WARN_OBJC_IMPLICIT_RETAIN_SELF = YES;
				CLANG_WARN_OBJC_LITERAL_CONVERSION = YES;
				CLANG_WARN_OBJC_ROOT_CLASS = YES_ERROR;
				CLANG_WARN_RANGE_LOOP_ANALYSIS = YES;
				CLANG_WARN_STRICT_PROTOTYPES = YES;
				CLANG_WARN_SUSPICIOUS_MOVE = YES;
				CLANG_WARN_UNGUARDED_AVAILABILITY = YES_AGGRESSIVE;
				CLANG_WARN_UNREACHABLE_CODE = YES;
				CLANG_WARN__DUPLICATE_METHOD_MATCH = YES;
				COPY_PHASE_STRIP = NO;
				DEBUG_INFORMATION_FORMAT = dwarf;
				ENABLE_STRICT_OBJC_MSGSEND = YES;
				ENABLE_TESTABILITY = YES;
				GCC_C_LANGUAGE_STANDARD = gnu11;
				GCC_DYNAMIC_NO_PIC = NO;
				GCC_NO_COMMON_BLOCKS = YES;
				GCC_OPTIMIZATION_LEVEL = 0;
				GCC_PREPROCESSOR_DEFINITIONS = (
					"DEBUG=1",
					"$(inherited)",
				);
				GCC_WARN_64_TO_32_BIT_CONVERSION = YES;
				GCC_WARN_ABOUT_RETURN_TYPE = YES_ERROR;
				GCC_WARN_UNDECLARED_SELECTOR = YES;
				GCC_WARN_UNINITIALIZED_AUTOS = YES_AGGRESSIVE;
				GCC_WARN_UNUSED_FUNCTION = YES;
				GCC_WARN_UNUSED_VARIABLE = YES;
				IPHONEOS_DEPLOYMENT_TARGET = 13.5;
				MTL_ENABLE_DEBUG_INFO = INCLUDE_SOURCE;
				MTL_FAST_MATH = YES;
				ONLY_ACTIVE_ARCH = YES;
				SDKROOT = iphoneos;
				SWIFT_ACTIVE_COMPILATION_CONDITIONS = DEBUG;
				SWIFT_OPTIMIZATION_LEVEL = "-Onone";
			};
			name = Debug;
		};
		8CDA3D0D24C99C48006A3FFF /* Release */ = {
			isa = XCBuildConfiguration;
			buildSettings = {
				ALWAYS_SEARCH_USER_PATHS = NO;
				CLANG_ANALYZER_NONNULL = YES;
				CLANG_ANALYZER_NUMBER_OBJECT_CONVERSION = YES_AGGRESSIVE;
				CLANG_CXX_LANGUAGE_STANDARD = "gnu++14";
				CLANG_CXX_LIBRARY = "libc++";
				CLANG_ENABLE_MODULES = YES;
				CLANG_ENABLE_OBJC_ARC = YES;
				CLANG_ENABLE_OBJC_WEAK = YES;
				CLANG_WARN_BLOCK_CAPTURE_AUTORELEASING = YES;
				CLANG_WARN_BOOL_CONVERSION = YES;
				CLANG_WARN_COMMA = YES;
				CLANG_WARN_CONSTANT_CONVERSION = YES;
				CLANG_WARN_DEPRECATED_OBJC_IMPLEMENTATIONS = YES;
				CLANG_WARN_DIRECT_OBJC_ISA_USAGE = YES_ERROR;
				CLANG_WARN_DOCUMENTATION_COMMENTS = YES;
				CLANG_WARN_EMPTY_BODY = YES;
				CLANG_WARN_ENUM_CONVERSION = YES;
				CLANG_WARN_INFINITE_RECURSION = YES;
				CLANG_WARN_INT_CONVERSION = YES;
				CLANG_WARN_NON_LITERAL_NULL_CONVERSION = YES;
				CLANG_WARN_OBJC_IMPLICIT_RETAIN_SELF = YES;
				CLANG_WARN_OBJC_LITERAL_CONVERSION = YES;
				CLANG_WARN_OBJC_ROOT_CLASS = YES_ERROR;
				CLANG_WARN_RANGE_LOOP_ANALYSIS = YES;
				CLANG_WARN_STRICT_PROTOTYPES = YES;
				CLANG_WARN_SUSPICIOUS_MOVE = YES;
				CLANG_WARN_UNGUARDED_AVAILABILITY = YES_AGGRESSIVE;
				CLANG_WARN_UNREACHABLE_CODE = YES;
				CLANG_WARN__DUPLICATE_METHOD_MATCH = YES;
				COPY_PHASE_STRIP = NO;
				DEBUG_INFORMATION_FORMAT = "dwarf-with-dsym";
				ENABLE_NS_ASSERTIONS = NO;
				ENABLE_STRICT_OBJC_MSGSEND = YES;
				GCC_C_LANGUAGE_STANDARD = gnu11;
				GCC_NO_COMMON_BLOCKS = YES;
				GCC_WARN_64_TO_32_BIT_CONVERSION = YES;
				GCC_WARN_ABOUT_RETURN_TYPE = YES_ERROR;
				GCC_WARN_UNDECLARED_SELECTOR = YES;
				GCC_WARN_UNINITIALIZED_AUTOS = YES_AGGRESSIVE;
				GCC_WARN_UNUSED_FUNCTION = YES;
				GCC_WARN_UNUSED_VARIABLE = YES;
				IPHONEOS_DEPLOYMENT_TARGET = 13.5;
				MTL_ENABLE_DEBUG_INFO = NO;
				MTL_FAST_MATH = YES;
				SDKROOT = iphoneos;
				SWIFT_COMPILATION_MODE = wholemodule;
				SWIFT_OPTIMIZATION_LEVEL = "-O";
				VALIDATE_PRODUCT = YES;
			};
			name = Release;
		};
		8CDA3D0F24C99C48006A3FFF /* Debug */ = {
			isa = XCBuildConfiguration;
			buildSettings = {
				ASSETCATALOG_COMPILER_APPICON_NAME = AppIcon;
				CODE_SIGN_STYLE = Automatic;
				DEVELOPMENT_ASSET_PATHS = "\"SwiftUIDJColorApp/Preview Content\"";
				DEVELOPMENT_TEAM = G39AAW7HHA;
				ENABLE_PREVIEWS = YES;
				INFOPLIST_FILE = SwiftUIDJColorApp/SupportingFiles/Info.plist;
				LD_RUNPATH_SEARCH_PATHS = (
					"$(inherited)",
					"@executable_path/Frameworks",
				);
				PRODUCT_BUNDLE_IDENTIFIER = ru.first.SwiftUIDJColorApp;
				PRODUCT_NAME = "$(TARGET_NAME)";
				SWIFT_VERSION = 5.0;
				TARGETED_DEVICE_FAMILY = "1,2";
			};
			name = Debug;
		};
		8CDA3D1024C99C48006A3FFF /* Release */ = {
			isa = XCBuildConfiguration;
			buildSettings = {
				ASSETCATALOG_COMPILER_APPICON_NAME = AppIcon;
				CODE_SIGN_STYLE = Automatic;
				DEVELOPMENT_ASSET_PATHS = "\"SwiftUIDJColorApp/Preview Content\"";
				DEVELOPMENT_TEAM = G39AAW7HHA;
				ENABLE_PREVIEWS = YES;
				INFOPLIST_FILE = SwiftUIDJColorApp/SupportingFiles/Info.plist;
				LD_RUNPATH_SEARCH_PATHS = (
					"$(inherited)",
					"@executable_path/Frameworks",
				);
				PRODUCT_BUNDLE_IDENTIFIER = ru.first.SwiftUIDJColorApp;
				PRODUCT_NAME = "$(TARGET_NAME)";
				SWIFT_VERSION = 5.0;
				TARGETED_DEVICE_FAMILY = "1,2";
			};
			name = Release;
		};
/* End XCBuildConfiguration section */

/* Begin XCConfigurationList section */
		8CDA3CF524C99C43006A3FFF /* Build configuration list for PBXProject "SwiftUIDJColorApp" */ = {
			isa = XCConfigurationList;
			buildConfigurations = (
				8CDA3D0C24C99C48006A3FFF /* Debug */,
				8CDA3D0D24C99C48006A3FFF /* Release */,
			);
			defaultConfigurationIsVisible = 0;
			defaultConfigurationName = Release;
		};
		8CDA3D0E24C99C48006A3FFF /* Build configuration list for PBXNativeTarget "SwiftUIDJColorApp" */ = {
			isa = XCConfigurationList;
			buildConfigurations = (
				8CDA3D0F24C99C48006A3FFF /* Debug */,
				8CDA3D1024C99C48006A3FFF /* Release */,
			);
			defaultConfigurationIsVisible = 0;
			defaultConfigurationName = Release;
		};
/* End XCConfigurationList section */
	};
	rootObject = 8CDA3CF224C99C43006A3FFF /* Project object */;
}
